
Microsoft Visual Studio Solution File, Format Version 12.00
# Visual Studio Version 16
VisualStudioVersion = 16.0.30413.136
MinimumVisualStudioVersion = 10.0.40219.1
Project("{2150E333-8FDC-42A3-9474-1A3956D46DE8}") = "Application", "Application", "{8FB63B00-E2AC-407D-84B6-D401DE4E2F8B}"
EndProject
Project("{2150E333-8FDC-42A3-9474-1A3956D46DE8}") = "Domain", "Domain", "{2921A056-96F6-44EA-BF6A-60C141C37FAB}"
EndProject
Project("{2150E333-8FDC-42A3-9474-1A3956D46DE8}") = "Infra.Data", "Infra.Data", "{E35486B8-8C63-45A7-A9E1-3014735F3087}"
EndProject
Project("{2150E333-8FDC-42A3-9474-1A3956D46DE8}") = "Infra.IoC", "Infra.IoC", "{E83A5124-6002-41E9-8E0D-D64543C78AB6}"
EndProject
Project("{2150E333-8FDC-42A3-9474-1A3956D46DE8}") = "Presentation", "Presentation", "{2AEF9BD0-D59E-4111-AC08-96FE92A3FEC4}"
EndProject
Project("{2150E333-8FDC-42A3-9474-1A3956D46DE8}") = "API", "API", "{E148284C-6103-4D75-BF00-7A52B350FEF7}"
EndProject
Project("{9A19103F-16F7-4668-BE54-9A1E7A4F7556}") = "BG.MVC", "BG.MVC\BG.MVC.csproj", "{83C5FBDA-9471-4988-B236-C7391250CE0D}"
EndProject
Project("{9A19103F-16F7-4668-BE54-9A1E7A4F7556}") = "BG.Domain", "BG.Domain\BG.Domain.csproj", "{1ECD1CDC-3DF0-4114-8DDF-F8B8E0C73DDB}"
EndProject
Project("{9A19103F-16F7-4668-BE54-9A1E7A4F7556}") = "BG.Infra.Data", "BG.Infra.Data\BG.Infra.Data.csproj", "{E9770249-AD00-420F-A7F7-54A9B505C7D4}"
EndProject
Project("{FAE04EC0-301F-11D3-BF4B-00C04F79EFBC}") = "BG.Application", "BG.Application\BG.Application.csproj", "{0AB2569A-9AE6-4AE9-B09B-CF468D14BBA3}"
EndProject
Global
	GlobalSection(SolutionConfigurationPlatforms) = preSolution
		Debug|Any CPU = Debug|Any CPU
		Release|Any CPU = Release|Any CPU
	EndGlobalSection
	GlobalSection(ProjectConfigurationPlatforms) = postSolution
		{83C5FBDA-9471-4988-B236-C7391250CE0D}.Debug|Any CPU.ActiveCfg = Debug|Any CPU
		{83C5FBDA-9471-4988-B236-C7391250CE0D}.Debug|Any CPU.Build.0 = Debug|Any CPU
		{83C5FBDA-9471-4988-B236-C7391250CE0D}.Release|Any CPU.ActiveCfg = Release|Any CPU
		{83C5FBDA-9471-4988-B236-C7391250CE0D}.Release|Any CPU.Build.0 = Release|Any CPU
		{1ECD1CDC-3DF0-4114-8DDF-F8B8E0C73DDB}.Debug|Any CPU.ActiveCfg = Debug|Any CPU
		{1ECD1CDC-3DF0-4114-8DDF-F8B8E0C73DDB}.Debug|Any CPU.Build.0 = Debug|Any CPU
		{1ECD1CDC-3DF0-4114-8DDF-F8B8E0C73DDB}.Release|Any CPU.ActiveCfg = Release|Any CPU
		{1ECD1CDC-3DF0-4114-8DDF-F8B8E0C73DDB}.Release|Any CPU.Build.0 = Release|Any CPU
		{E9770249-AD00-420F-A7F7-54A9B505C7D4}.Debug|Any CPU.ActiveCfg = Debug|Any CPU
		{E9770249-AD00-420F-A7F7-54A9B505C7D4}.Debug|Any CPU.Build.0 = Debug|Any CPU
		{E9770249-AD00-420F-A7F7-54A9B505C7D4}.Release|Any CPU.ActiveCfg = Release|Any CPU
		{E9770249-AD00-420F-A7F7-54A9B505C7D4}.Release|Any CPU.Build.0 = Release|Any CPU
		{0AB2569A-9AE6-4AE9-B09B-CF468D14BBA3}.Debug|Any CPU.ActiveCfg = Debug|Any CPU
		{0AB2569A-9AE6-4AE9-B09B-CF468D14BBA3}.Debug|Any CPU.Build.0 = Debug|Any CPU
		{0AB2569A-9AE6-4AE9-B09B-CF468D14BBA3}.Release|Any CPU.ActiveCfg = Release|Any CPU
		{0AB2569A-9AE6-4AE9-B09B-CF468D14BBA3}.Release|Any CPU.Build.0 = Release|Any CPU
	EndGlobalSection
	GlobalSection(SolutionProperties) = preSolution
		HideSolutionNode = FALSE
	EndGlobalSection
	GlobalSection(NestedProjects) = preSolution
		{83C5FBDA-9471-4988-B236-C7391250CE0D} = {2AEF9BD0-D59E-4111-AC08-96FE92A3FEC4}
		{1ECD1CDC-3DF0-4114-8DDF-F8B8E0C73DDB} = {2921A056-96F6-44EA-BF6A-60C141C37FAB}
		{E9770249-AD00-420F-A7F7-54A9B505C7D4} = {E35486B8-8C63-45A7-A9E1-3014735F3087}
		{0AB2569A-9AE6-4AE9-B09B-CF468D14BBA3} = {8FB63B00-E2AC-407D-84B6-D401DE4E2F8B}
	EndGlobalSection
	GlobalSection(ExtensibilityGlobals) = postSolution
		SolutionGuid = {F33675FD-A1A4-42FD-AC43-79983ADFF69B}
	EndGlobalSection
EndGlobal
